
Microsoft Visual Studio Solution File, Format Version 12.00
# Visual Studio Version 16
VisualStudioVersion = 16.0.31229.75
MinimumVisualStudioVersion = 10.0.40219.1
Project("{9A19103F-16F7-4668-BE54-9A1E7A4F7556}") = "BPSTakeHome.WebUI", "BPSTakeHome.WebUI\BPSTakeHome.WebUI.csproj", "{F267B852-641C-40CC-85DC-14A0813D20FC}"
EndProject
Project("{2150E333-8FDC-42A3-9474-1A3956D46DE8}") = "BPSTakeHome.UI", "BPSTakeHome.UI", "{DC24FEB4-7FF2-4F9B-82FA-7C95F8132E6E}"
EndProject
Project("{2150E333-8FDC-42A3-9474-1A3956D46DE8}") = "BPSTakeHome.Domain", "BPSTakeHome.Domain", "{69644B00-2CC9-4241-9EAF-FD5CBD0F19FF}"
EndProject
Project("{9A19103F-16F7-4668-BE54-9A1E7A4F7556}") = "BPSTakeHome.Domain", "BPSTakeHome.Domain\BPSTakeHome.Domain.csproj", "{7C86B341-0AF4-44B4-B61A-40E8818128F3}"
EndProject
Project("{2150E333-8FDC-42A3-9474-1A3956D46DE8}") = "BPSTakeHome.Infrastructure", "BPSTakeHome.Infrastructure", "{B9838D0F-87D1-458B-B3E5-4C0CECEAB91B}"
EndProject
Project("{9A19103F-16F7-4668-BE54-9A1E7A4F7556}") = "BPSTakeHome.Infrastructure.Data", "BPSTakeHome.Infrastructure.Data\BPSTakeHome.Infrastructure.Data.csproj", "{EC119A0C-8AA1-41F1-A1B2-193F8FCB49F1}"
EndProject
Project("{2150E333-8FDC-42A3-9474-1A3956D46DE8}") = "BPSTakeHome.Application", "BPSTakeHome.Application", "{9D902ADA-F84F-49E2-B4DE-64E4323FAE05}"
EndProject
Project("{9A19103F-16F7-4668-BE54-9A1E7A4F7556}") = "BPSTakeHome.Application", "BPSTakeHome.Application\BPSTakeHome.Application.csproj", "{001C3F35-55C0-443B-A79C-C120FD6C00DE}"
EndProject
Global
	GlobalSection(SolutionConfigurationPlatforms) = preSolution
		Debug|Any CPU = Debug|Any CPU
		Release|Any CPU = Release|Any CPU
	EndGlobalSection
	GlobalSection(ProjectConfigurationPlatforms) = postSolution
		{F267B852-641C-40CC-85DC-14A0813D20FC}.Debug|Any CPU.ActiveCfg = Debug|Any CPU
		{F267B852-641C-40CC-85DC-14A0813D20FC}.Debug|Any CPU.Build.0 = Debug|Any CPU
		{F267B852-641C-40CC-85DC-14A0813D20FC}.Release|Any CPU.ActiveCfg = Release|Any CPU
		{F267B852-641C-40CC-85DC-14A0813D20FC}.Release|Any CPU.Build.0 = Release|Any CPU
		{7C86B341-0AF4-44B4-B61A-40E8818128F3}.Debug|Any CPU.ActiveCfg = Debug|Any CPU
		{7C86B341-0AF4-44B4-B61A-40E8818128F3}.Debug|Any CPU.Build.0 = Debug|Any CPU
		{7C86B341-0AF4-44B4-B61A-40E8818128F3}.Release|Any CPU.ActiveCfg = Release|Any CPU
		{7C86B341-0AF4-44B4-B61A-40E8818128F3}.Release|Any CPU.Build.0 = Release|Any CPU
		{EC119A0C-8AA1-41F1-A1B2-193F8FCB49F1}.Debug|Any CPU.ActiveCfg = Debug|Any CPU
		{EC119A0C-8AA1-41F1-A1B2-193F8FCB49F1}.Debug|Any CPU.Build.0 = Debug|Any CPU
		{EC119A0C-8AA1-41F1-A1B2-193F8FCB49F1}.Release|Any CPU.ActiveCfg = Release|Any CPU
		{EC119A0C-8AA1-41F1-A1B2-193F8FCB49F1}.Release|Any CPU.Build.0 = Release|Any CPU
		{001C3F35-55C0-443B-A79C-C120FD6C00DE}.Debug|Any CPU.ActiveCfg = Debug|Any CPU
		{001C3F35-55C0-443B-A79C-C120FD6C00DE}.Debug|Any CPU.Build.0 = Debug|Any CPU
		{001C3F35-55C0-443B-A79C-C120FD6C00DE}.Release|Any CPU.ActiveCfg = Release|Any CPU
		{001C3F35-55C0-443B-A79C-C120FD6C00DE}.Release|Any CPU.Build.0 = Release|Any CPU
	EndGlobalSection
	GlobalSection(SolutionProperties) = preSolution
		HideSolutionNode = FALSE
	EndGlobalSection
	GlobalSection(NestedProjects) = preSolution
		{F267B852-641C-40CC-85DC-14A0813D20FC} = {DC24FEB4-7FF2-4F9B-82FA-7C95F8132E6E}
		{7C86B341-0AF4-44B4-B61A-40E8818128F3} = {69644B00-2CC9-4241-9EAF-FD5CBD0F19FF}
		{EC119A0C-8AA1-41F1-A1B2-193F8FCB49F1} = {B9838D0F-87D1-458B-B3E5-4C0CECEAB91B}
		{001C3F35-55C0-443B-A79C-C120FD6C00DE} = {9D902ADA-F84F-49E2-B4DE-64E4323FAE05}
	EndGlobalSection
	GlobalSection(ExtensibilityGlobals) = postSolution
		SolutionGuid = {BFE3A5D3-1046-4740-B00C-149C4F2F94F0}
	EndGlobalSection
EndGlobal
